
Microsoft Visual Studio Solution File, Format Version 12.00
# Visual Studio Version 17
VisualStudioVersion = 17.9.34622.214
MinimumVisualStudioVersion = 10.0.40219.1
Project("{FAE04EC0-301F-11D3-BF4B-00C04F79EFBC}") = "AccAutoKey", "AccAutoKey1.4\AccAutoKey.csproj", "{3CD301E1-47C0-483F-A8FD-500FBCAD7CE6}"
EndProject
Project("{54435603-DBB4-11D2-8724-00A0C9A8B90C}") = "ACCOUNTANROBOT_Setup", "ACCOUNTANROBOT_Setup\ACCOUNTANROBOT_Setup.vdproj", "{D77E272E-BB01-469F-A3DF-15539D3AF880}"
EndProject
Global
	GlobalSection(SolutionConfigurationPlatforms) = preSolution
		Debug|Any CPU = Debug|Any CPU
		Release|Any CPU = Release|Any CPU
	EndGlobalSection
	GlobalSection(ProjectConfigurationPlatforms) = postSolution
		{3CD301E1-47C0-483F-A8FD-500FBCAD7CE6}.Debug|Any CPU.ActiveCfg = Debug|Any CPU
		{3CD301E1-47C0-483F-A8FD-500FBCAD7CE6}.Debug|Any CPU.Build.0 = Debug|Any CPU
		{3CD301E1-47C0-483F-A8FD-500FBCAD7CE6}.Release|Any CPU.ActiveCfg = Release|Any CPU
		{3CD301E1-47C0-483F-A8FD-500FBCAD7CE6}.Release|Any CPU.Build.0 = Release|Any CPU
		{D77E272E-BB01-469F-A3DF-15539D3AF880}.Debug|Any CPU.ActiveCfg = Debug
		{D77E272E-BB01-469F-A3DF-15539D3AF880}.Release|Any CPU.ActiveCfg = Release
	EndGlobalSection
	GlobalSection(SolutionProperties) = preSolution
		HideSolutionNode = FALSE
	EndGlobalSection
	GlobalSection(ExtensibilityGlobals) = postSolution
		SolutionGuid = {34D35896-28DF-4E0D-83F1-213FBA27266E}
	EndGlobalSection
EndGlobal
